# This file is automatically @generated by Poetry 2.1.1 and should not be changed by hand.

[[package]]
name = "certifi"
version = "2025.1.31"
description = "Python package for providing Mozilla's CA Bundle."
optional = false
python-versions = ">=3.6"
groups = ["main"]
files = [
    {file = "certifi-2025.1.31-py3-none-any.whl", hash = "sha256:ca78db4565a652026a4db2bcdf68f2fb589ea80d0be70e03929ed730746b84fe"},
    {file = "certifi-2025.1.31.tar.gz", hash = "sha256:3d5da6925056f6f18f119200434a4780a94263f10d1c21d032a6f6b2baa20651"},
]

[[package]]
name = "click"
version = "8.1.8"
description = "Composable command line interface toolkit"
optional = false
python-versions = ">=3.7"
groups = ["main"]
files = [
    {file = "click-8.1.8-py3-none-any.whl", hash = "sha256:63c132bbbed01578a06712a2d1f497bb62d9c1c0d329b7903a866228027263b2"},
    {file = "click-8.1.8.tar.gz", hash = "sha256:ed53c9d8990d83c2a27deae68e4ee337473f6330c040a31d4225c9574d16096a"},
]

[package.dependencies]
colorama = {version = "*", markers = "platform_system == \"Windows\""}

[[package]]
name = "colorama"
version = "0.4.6"
description = "Cross-platform colored terminal text."
optional = false
python-versions = "!=3.0.*,!=3.1.*,!=3.2.*,!=3.3.*,!=3.4.*,!=3.5.*,!=3.6.*,>=2.7"
groups = ["main"]
markers = "platform_system == \"Windows\""
files = [
    {file = "colorama-0.4.6-py2.py3-none-any.whl", hash = "sha256:4f1d9991f5acc0ca119f9d443620b77f9d6b33703e51011c16baf57afb285fc6"},
    {file = "colorama-0.4.6.tar.gz", hash = "sha256:08695f5cb7ed6e0531a20572697297273c47b8cae5a63ffc6d6ed5c201be6e44"},
]

[[package]]
name = "frozendict"
version = "2.3.10"
description = "A simple immutable dictionary"
optional = false
python-versions = ">=3.6"
groups = ["main"]
files = [
    {file = "frozendict-2.3.10-cp310-cp310-macosx_10_9_x86_64.whl", hash = "sha256:df2d2afa5af41bfa09dc9d5a8e6d73ae39b677a8572200c65a5ea353387ffccd"},
    {file = "frozendict-2.3.10-cp310-cp310-macosx_11_0_arm64.whl", hash = "sha256:b10df7f5d8637b1af319434f99dc25ca6f5537e28b293e4c405ebfb4bf9581fa"},
    {file = "frozendict-2.3.10-cp310-cp310-manylinux_2_17_aarch64.manylinux2014_aarch64.whl", hash = "sha256:da22a3e873f365f97445c49afc1e6d5198ed6d172f3efaf0e9fde0edcca3cea1"},
    {file = "frozendict-2.3.10-cp310-cp310-manylinux_2_17_x86_64.manylinux2014_x86_64.whl", hash = "sha256:89218738e2122b50bf8a0444083dbe2de280402e9c2ef0929c0db0f93ff11271"},
    {file = "frozendict-2.3.10-cp310-cp310-musllinux_1_1_aarch64.whl", hash = "sha256:aa11add43a71fd47523fbd011be5cc011df79e25ec0b0339fc0d728623aaa7ec"},
    {file = "frozendict-2.3.10-cp310-cp310-musllinux_1_1_x86_64.whl", hash = "sha256:af267bd6d98cbc10580105dc76f28f7156856fa48a5bbcadd40edb85f93657ae"},
    {file = "frozendict-2.3.10-cp310-cp310-win_amd64.whl", hash = "sha256:c112024df64b8926a315d7e36b860967fcad8aae0c592b9f117589391373e893"},
    {file = "frozendict-2.3.10-cp310-cp310-win_arm64.whl", hash = "sha256:a0065db2bc76628853dd620bd08c1ca44ad0b711e92e89b4156493153add6f9d"},
    {file = "frozendict-2.3.10-cp36-cp36m-macosx_10_9_x86_64.whl", hash = "sha256:93634af5a6d71762aebc7d78bdce92890b7e612588faf887c9eaf752dc7ccdb1"},
    {file = "frozendict-2.3.10-cp36-cp36m-manylinux_2_17_aarch64.manylinux2014_aarch64.whl", hash = "sha256:7b4d05e231dc1a2ec874f847fd7348cbee469555468efb875a89994ecde31a81"},
    {file = "frozendict-2.3.10-cp36-cp36m-manylinux_2_17_x86_64.manylinux2014_x86_64.whl", hash = "sha256:6d40d0644f19365fc6cc428db31c0f113fa550bd15920262f9d77ccf6556d87b"},
    {file = "frozendict-2.3.10-cp36-cp36m-musllinux_1_1_aarch64.whl", hash = "sha256:12b40526219f9583b30690011288bca4d6cce8724cda96b3c3ab08b67c5a7f09"},
    {file = "frozendict-2.3.10-cp36-cp36m-musllinux_1_1_x86_64.whl", hash = "sha256:6b552fffeba8e41b43ce10cc0fc467e048a7c9a71ae3241057510342132555b9"},
    {file = "frozendict-2.3.10-cp36-cp36m-win_amd64.whl", hash = "sha256:07208e4718cb70aa259ac886c19b96a4aad1cf00e9199f211746f738951bbf7c"},
    {file = "frozendict-2.3.10-cp37-cp37m-macosx_10_9_x86_64.whl", hash = "sha256:e8bec6d11f7254e405290cb1b081caffa0c18b6aa779130da9a546349c56be83"},
    {file = "frozendict-2.3.10-cp37-cp37m-manylinux_2_17_aarch64.manylinux2014_aarch64.whl", hash = "sha256:b089c7e8c95d8b043e82e7da26e165f4220d7310efaad5e94445db7e3bc8321e"},
    {file = "frozendict-2.3.10-cp37-cp37m-manylinux_2_17_x86_64.manylinux2014_x86_64.whl", hash = "sha256:08a5829d708657c9d5ad58f4a7e4baa73a3d57290f9613bdd909d481fc203a3a"},
    {file = "frozendict-2.3.10-cp37-cp37m-musllinux_1_1_aarch64.whl", hash = "sha256:1c015852dacf144dbeadf203673d8c714f788fcc2b810a36504994b3c4f5a436"},
    {file = "frozendict-2.3.10-cp37-cp37m-musllinux_1_1_x86_64.whl", hash = "sha256:bb9f15a5ed924be2b1cb3654b7ea3b7bae265ff39e2b5784d42bd4a6e1353e45"},
    {file = "frozendict-2.3.10-cp37-cp37m-win_amd64.whl", hash = "sha256:809bb9c6c657bded925710a309bb2a2350bdbfdc9371df427f1a93cb8ab7ec3e"},
    {file = "frozendict-2.3.10-cp38-cp38-macosx_10_9_x86_64.whl", hash = "sha256:ff7a9cca3a3a1e584349e859d028388bd96a5475f76721471b73797472c6db17"},
    {file = "frozendict-2.3.10-cp38-cp38-macosx_11_0_arm64.whl", hash = "sha256:0cdd496933ddb428f3854bea9ffdce0245bb27c27909f663ad396409fb4dffb5"},
    {file = "frozendict-2.3.10-cp38-cp38-manylinux_2_17_aarch64.manylinux2014_aarch64.whl", hash = "sha256:9df392b655fadaa0174c1923e6205b30ad1ccca248e8e146e63a8147a355ee01"},
    {file = "frozendict-2.3.10-cp38-cp38-manylinux_2_17_x86_64.manylinux2014_x86_64.whl", hash = "sha256:7901828700f36fe12486705afe7afc5583434390c8f69b5419de1b6c566fb00d"},
    {file = "frozendict-2.3.10-cp38-cp38-musllinux_1_1_aarch64.whl", hash = "sha256:c9aa28ce48d848ee520409533fd0254de4caf025c5cf1b9f27c98c1dd8cf90aa"},
    {file = "frozendict-2.3.10-cp38-cp38-musllinux_1_1_x86_64.whl", hash = "sha256:0856af4f5b4288b2270e0b74078fad5cbaf4f799326b82183865f6f367008b2c"},
    {file = "frozendict-2.3.10-cp38-cp38-win_amd64.whl", hash = "sha256:ac41c671ff33cbefc0f06c4b2a630d18ab59f5256f45f57d5632252ae4a8c07a"},
    {file = "frozendict-2.3.10-cp39-cp39-macosx_10_9_x86_64.whl", hash = "sha256:893205dc5a4e5c4b24e5822ceb21ef14fed8ca4afae7ac688e2fc24294c85225"},
    {file = "frozendict-2.3.10-cp39-cp39-macosx_11_0_arm64.whl", hash = "sha256:e78c5ac5d71f3b73f07ff9d9e3cc32dfbf7954f2c57c2d0e1fe8f1600e980b40"},
    {file = "frozendict-2.3.10-cp39-cp39-manylinux_2_17_aarch64.manylinux2014_aarch64.whl", hash = "sha256:8c4ca4cc42bc30b20476616411d4b49aae6084760b99251f1cbdfed879ae53ea"},
    {file = "frozendict-2.3.10-cp39-cp39-manylinux_2_17_x86_64.manylinux2014_x86_64.whl", hash = "sha256:c865962216f7cfd6dac8693f4de431a9d98a7225185ff23613ecd10c42423adc"},
    {file = "frozendict-2.3.10-cp39-cp39-musllinux_1_1_aarch64.whl", hash = "sha256:99b2f47b292cc4d68f6679918e8e9e6dc5e816924d8369d07018be56b93fb20f"},
    {file = "frozendict-2.3.10-cp39-cp39-musllinux_1_1_x86_64.whl", hash = "sha256:8e7abf4539b73c8e5680dd2fdbd19ca4fc3e2b2f3666f80f022217839bb859fd"},
    {file = "frozendict-2.3.10-cp39-cp39-win_amd64.whl", hash = "sha256:901e774629fc63f84d24b5e46b59de1eed22392ee98b7f92e694a127d541edac"},
    {file = "frozendict-2.3.10-cp39-cp39-win_arm64.whl", hash = "sha256:6f8681c0ffe92be9aba40c9b9960c48f0ae7f6ea585af2b93fc9542cc3865969"},
    {file = "frozendict-2.3.10-py3-none-any.whl", hash = "sha256:66cded65f144393b4226bda9fe9ac2f42451d2d603e8a486015744bb566a7008"},
    {file = "frozendict-2.3.10.tar.gz", hash = "sha256:aadc83510ce82751a0bb3575231f778bc37cbb373f5f05a52b888e26cbb92f79"},
]

[[package]]
name = "openapi-client"
version = "1.0.0"
description = "GNS3 controller API"
optional = false
python-versions = ">=3.7"
groups = ["main"]
files = []
develop = false

[package.dependencies]
certifi = ">=14.5.14"
frozendict = ">=2.3.4,<2.4.0"
python-dateutil = ">=2.7.0,<2.8.0"
setuptools = ">=21.0.0"
typing_extensions = ">=4.3.0,<4.4.0"
urllib3 = ">=1.26.7,<1.27.0"

[package.source]
type = "directory"
url = "gns3client/client"

[[package]]
name = "python-dateutil"
version = "2.7.5"
description = "Extensions to the standard Python datetime module"
optional = false
python-versions = ">=2.7, !=3.0.*, !=3.1.*, !=3.2.*"
groups = ["main"]
files = [
    {file = "python-dateutil-2.7.5.tar.gz", hash = "sha256:88f9287c0174266bb0d8cedd395cfba9c58e87e5ad86b2ce58859bc11be3cf02"},
    {file = "python_dateutil-2.7.5-py2.py3-none-any.whl", hash = "sha256:063df5763652e21de43de7d9e00ccf239f953a832941e37be541614732cdfc93"},
]

[package.dependencies]
six = ">=1.5"

[[package]]
name = "setuptools"
version = "75.8.0"
description = "Easily download, build, install, upgrade, and uninstall Python packages"
optional = false
python-versions = ">=3.9"
groups = ["main"]
files = [
    {file = "setuptools-75.8.0-py3-none-any.whl", hash = "sha256:e3982f444617239225d675215d51f6ba05f845d4eec313da4418fdbb56fb27e3"},
    {file = "setuptools-75.8.0.tar.gz", hash = "sha256:c5afc8f407c626b8313a86e10311dd3f661c6cd9c09d4bf8c15c0e11f9f2b0e6"},
]

[package.extras]
check = ["pytest-checkdocs (>=2.4)", "pytest-ruff (>=0.2.1) ; sys_platform != \"cygwin\"", "ruff (>=0.8.0) ; sys_platform != \"cygwin\""]
core = ["importlib_metadata (>=6) ; python_version < \"3.10\"", "jaraco.collections", "jaraco.functools (>=4)", "jaraco.text (>=3.7)", "more_itertools", "more_itertools (>=8.8)", "packaging", "packaging (>=24.2)", "platformdirs (>=4.2.2)", "tomli (>=2.0.1) ; python_version < \"3.11\"", "wheel (>=0.43.0)"]
cover = ["pytest-cov"]
doc = ["furo", "jaraco.packaging (>=9.3)", "jaraco.tidelift (>=1.4)", "pygments-github-lexers (==0.0.5)", "pyproject-hooks (!=1.1)", "rst.linker (>=1.9)", "sphinx (>=3.5)", "sphinx-favicon", "sphinx-inline-tabs", "sphinx-lint", "sphinx-notfound-page (>=1,<2)", "sphinx-reredirects", "sphinxcontrib-towncrier", "towncrier (<24.7)"]
enabler = ["pytest-enabler (>=2.2)"]
test = ["build[virtualenv] (>=1.0.3)", "filelock (>=3.4.0)", "ini2toml[lite] (>=0.14)", "jaraco.develop (>=7.21) ; python_version >= \"3.9\" and sys_platform != \"cygwin\"", "jaraco.envs (>=2.2)", "jaraco.path (>=3.7.2)", "jaraco.test (>=5.5)", "packaging (>=24.2)", "pip (>=19.1)", "pyproject-hooks (!=1.1)", "pytest (>=6,!=8.1.*)", "pytest-home (>=0.5)", "pytest-perf ; sys_platform != \"cygwin\"", "pytest-subprocess", "pytest-timeout", "pytest-xdist (>=3)", "tomli-w (>=1.0.0)", "virtualenv (>=13.0.0)", "wheel (>=0.44.0)"]
type = ["importlib_metadata (>=7.0.2) ; python_version < \"3.10\"", "jaraco.develop (>=7.21) ; sys_platform != \"cygwin\"", "mypy (==1.14.*)", "pytest-mypy"]

[[package]]
name = "six"
version = "1.17.0"
description = "Python 2 and 3 compatibility utilities"
optional = false
python-versions = "!=3.0.*,!=3.1.*,!=3.2.*,>=2.7"
groups = ["main"]
files = [
    {file = "six-1.17.0-py2.py3-none-any.whl", hash = "sha256:4721f391ed90541fddacab5acf947aa0d3dc7d27b2e1e8eda2be8970586c3274"},
    {file = "six-1.17.0.tar.gz", hash = "sha256:ff70335d468e7eb6ec65b95b99d3a2836546063f63acc5171de367e834932a81"},
]

[[package]]
name = "typing-extensions"
version = "4.3.0"
description = "Backported and Experimental Type Hints for Python 3.7+"
optional = false
python-versions = ">=3.7"
groups = ["main"]
files = [
    {file = "typing_extensions-4.3.0-py3-none-any.whl", hash = "sha256:25642c956049920a5aa49edcdd6ab1e06d7e5d467fc00e0506c44ac86fbfca02"},
    {file = "typing_extensions-4.3.0.tar.gz", hash = "sha256:e6d2677a32f47fc7eb2795db1dd15c1f34eff616bcaf2cfb5e997f854fa1c4a6"},
]

[[package]]
name = "urllib3"
version = "1.26.20"
description = "HTTP library with thread-safe connection pooling, file post, and more."
optional = false
python-versions = "!=3.0.*,!=3.1.*,!=3.2.*,!=3.3.*,!=3.4.*,!=3.5.*,>=2.7"
groups = ["main"]
files = [
    {file = "urllib3-1.26.20-py2.py3-none-any.whl", hash = "sha256:0ed14ccfbf1c30a9072c7ca157e4319b70d65f623e91e7b32fadb2853431016e"},
    {file = "urllib3-1.26.20.tar.gz", hash = "sha256:40c2dc0c681e47eb8f90e7e27bf6ff7df2e677421fd46756da1161c39ca70d32"},
]

[package.extras]
brotli = ["brotli (==1.0.9) ; os_name != \"nt\" and python_version < \"3\" and platform_python_implementation == \"CPython\"", "brotli (>=1.0.9) ; python_version >= \"3\" and platform_python_implementation == \"CPython\"", "brotlicffi (>=0.8.0) ; (os_name != \"nt\" or python_version >= \"3\") and platform_python_implementation != \"CPython\"", "brotlipy (>=0.6.0) ; os_name == \"nt\" and python_version < \"3\""]
secure = ["certifi", "cryptography (>=1.3.4)", "idna (>=2.0.0)", "ipaddress ; python_version == \"2.7\"", "pyOpenSSL (>=0.14)", "urllib3-secure-extra"]
socks = ["PySocks (>=1.5.6,!=1.5.7,<2.0)"]

[metadata]
lock-version = "2.1"
python-versions = "^3.13"
content-hash = "1100760f85cba324503fd927bcf58ad3bcf5d04c1c83d4f6c9cdbbce43e423c1"
